// !$*UTF8*$!
{
	archiveVersion = 1;
	classes = {
	};
	objectVersion = 56;
	objects = {

/* Begin PBXBuildFile section */
		19C240DA2B6C8FF200BB0D17 /* MemoryGameApp.swift in Sources */ = {isa = PBXBuildFile; fileRef = 19C240D92B6C8FF200BB0D17 /* MemoryGameApp.swift */; };
		19C240DC2B6C8FF200BB0D17 /* ContentView.swift in Sources */ = {isa = PBXBuildFile; fileRef = 19C240DB2B6C8FF200BB0D17 /* ContentView.swift */; };
		19C240DE2B6C8FF500BB0D17 /* Assets.xcassets in Resources */ = {isa = PBXBuildFile; fileRef = 19C240DD2B6C8FF500BB0D17 /* Assets.xcassets */; };
		19C240E22B6C8FF500BB0D17 /* Preview Assets.xcassets in Resources */ = {isa = PBXBuildFile; fileRef = 19C240E12B6C8FF500BB0D17 /* Preview Assets.xcassets */; };
		19C240EC2B6C8FF500BB0D17 /* MemoryGameTests.swift in Sources */ = {isa = PBXBuildFile; fileRef = 19C240EB2B6C8FF500BB0D17 /* MemoryGameTests.swift */; };
		19C240F62B6C8FF500BB0D17 /* MemoryGameUITests.swift in Sources */ = {isa = PBXBuildFile; fileRef = 19C240F52B6C8FF500BB0D17 /* MemoryGameUITests.swift */; };
		19C240F82B6C8FF500BB0D17 /* MemoryGameUITestsLaunchTests.swift in Sources */ = {isa = PBXBuildFile; fileRef = 19C240F72B6C8FF500BB0D17 /* MemoryGameUITestsLaunchTests.swift */; };
		19C241052B6CA36200BB0D17 /* MemoryGameModel.swift in Sources */ = {isa = PBXBuildFile; fileRef = 19C241042B6CA36200BB0D17 /* MemoryGameModel.swift */; };
		19C241072B6CA71800BB0D17 /* EmojiViewModel.swift in Sources */ = {isa = PBXBuildFile; fileRef = 19C241062B6CA71800BB0D17 /* EmojiViewModel.swift */; };
		19C66B4E2B75D32E00C055BB /* AspectVGrid.swift in Sources */ = {isa = PBXBuildFile; fileRef = 19C66B4D2B75D32E00C055BB /* AspectVGrid.swift */; };
/* End PBXBuildFile section */

/* Begin PBXContainerItemProxy section */
		19C240E82B6C8FF500BB0D17 /* PBXContainerItemProxy */ = {
			isa = PBXContainerItemProxy;
			containerPortal = 19C240CE2B6C8FF200BB0D17 /* Project object */;
			proxyType = 1;
			remoteGlobalIDString = 19C240D52B6C8FF200BB0D17;
			remoteInfo = MemoryGame;
		};
		19C240F22B6C8FF500BB0D17 /* PBXContainerItemProxy */ = {
			isa = PBXContainerItemProxy;
			containerPortal = 19C240CE2B6C8FF200BB0D17 /* Project object */;
			proxyType = 1;
			remoteGlobalIDString = 19C240D52B6C8FF200BB0D17;
			remoteInfo = MemoryGame;
		};
/* End PBXContainerItemProxy section */

/* Begin PBXFileReference section */
		19C240D62B6C8FF200BB0D17 /* MemoryGame.app */ = {isa = PBXFileReference; explicitFileType = wrapper.application; includeInIndex = 0; path = MemoryGame.app; sourceTree = BUILT_PRODUCTS_DIR; };
		19C240D92B6C8FF200BB0D17 /* MemoryGameApp.swift */ = {isa = PBXFileReference; lastKnownFileType = sourcecode.swift; path = MemoryGameApp.swift; sourceTree = "<group>"; };
		19C240DB2B6C8FF200BB0D17 /* ContentView.swift */ = {isa = PBXFileReference; lastKnownFileType = sourcecode.swift; path = ContentView.swift; sourceTree = "<group>"; };
		19C240DD2B6C8FF500BB0D17 /* Assets.xcassets */ = {isa = PBXFileReference; lastKnownFileType = folder.assetcatalog; path = Assets.xcassets; sourceTree = "<group>"; };
		19C240DF2B6C8FF500BB0D17 /* MemoryGame.entitlements */ = {isa = PBXFileReference; lastKnownFileType = text.plist.entitlements; path = MemoryGame.entitlements; sourceTree = "<group>"; };
		19C240E12B6C8FF500BB0D17 /* Preview Assets.xcassets */ = {isa = PBXFileReference; lastKnownFileType = folder.assetcatalog; path = "Preview Assets.xcassets"; sourceTree = "<group>"; };
		19C240E72B6C8FF500BB0D17 /* MemoryGameTests.xctest */ = {isa = PBXFileReference; explicitFileType = wrapper.cfbundle; includeInIndex = 0; path = MemoryGameTests.xctest; sourceTree = BUILT_PRODUCTS_DIR; };
		19C240EB2B6C8FF500BB0D17 /* MemoryGameTests.swift */ = {isa = PBXFileReference; lastKnownFileType = sourcecode.swift; path = MemoryGameTests.swift; sourceTree = "<group>"; };
		19C240F12B6C8FF500BB0D17 /* MemoryGameUITests.xctest */ = {isa = PBXFileReference; explicitFileType = wrapper.cfbundle; includeInIndex = 0; path = MemoryGameUITests.xctest; sourceTree = BUILT_PRODUCTS_DIR; };
		19C240F52B6C8FF500BB0D17 /* MemoryGameUITests.swift */ = {isa = PBXFileReference; lastKnownFileType = sourcecode.swift; path = MemoryGameUITests.swift; sourceTree = "<group>"; };
		19C240F72B6C8FF500BB0D17 /* MemoryGameUITestsLaunchTests.swift */ = {isa = PBXFileReference; lastKnownFileType = sourcecode.swift; path = MemoryGameUITestsLaunchTests.swift; sourceTree = "<group>"; };
		19C241042B6CA36200BB0D17 /* MemoryGameModel.swift */ = {isa = PBXFileReference; lastKnownFileType = sourcecode.swift; path = MemoryGameModel.swift; sourceTree = "<group>"; };
		19C241062B6CA71800BB0D17 /* EmojiViewModel.swift */ = {isa = PBXFileReference; lastKnownFileType = sourcecode.swift; path = EmojiViewModel.swift; sourceTree = "<group>"; };
		19C66B4D2B75D32E00C055BB /* AspectVGrid.swift */ = {isa = PBXFileReference; lastKnownFileType = sourcecode.swift; path = AspectVGrid.swift; sourceTree = "<group>"; };
/* End PBXFileReference section */

/* Begin PBXFrameworksBuildPhase section */
		19C240D32B6C8FF200BB0D17 /* Frameworks */ = {
			isa = PBXFrameworksBuildPhase;
			buildActionMask = 2147483647;
			files = (
			);
			runOnlyForDeploymentPostprocessing = 0;
		};
		19C240E42B6C8FF500BB0D17 /* Frameworks */ = {
			isa = PBXFrameworksBuildPhase;
			buildActionMask = 2147483647;
			files = (
			);
			runOnlyForDeploymentPostprocessing = 0;
		};
		19C240EE2B6C8FF500BB0D17 /* Frameworks */ = {
			isa = PBXFrameworksBuildPhase;
			buildActionMask = 2147483647;
			files = (
			);
			runOnlyForDeploymentPostprocessing = 0;
		};
/* End PBXFrameworksBuildPhase section */

/* Begin PBXGroup section */
		19C240CD2B6C8FF200BB0D17 = {
			isa = PBXGroup;
			children = (
				19C240D82B6C8FF200BB0D17 /* MemoryGame */,
				19C240EA2B6C8FF500BB0D17 /* MemoryGameTests */,
				19C240F42B6C8FF500BB0D17 /* MemoryGameUITests */,
				19C240D72B6C8FF200BB0D17 /* Products */,
			);
			sourceTree = "<group>";
		};
		19C240D72B6C8FF200BB0D17 /* Products */ = {
			isa = PBXGroup;
			children = (
				19C240D62B6C8FF200BB0D17 /* MemoryGame.app */,
				19C240E72B6C8FF500BB0D17 /* MemoryGameTests.xctest */,
				19C240F12B6C8FF500BB0D17 /* MemoryGameUITests.xctest */,
			);
			name = Products;
			sourceTree = "<group>";
		};
		19C240D82B6C8FF200BB0D17 /* MemoryGame */ = {
			isa = PBXGroup;
			children = (
				19C240D92B6C8FF200BB0D17 /* MemoryGameApp.swift */,
				19C240DB2B6C8FF200BB0D17 /* ContentView.swift */,
				19C66B4D2B75D32E00C055BB /* AspectVGrid.swift */,
				19C240DD2B6C8FF500BB0D17 /* Assets.xcassets */,
				19C240DF2B6C8FF500BB0D17 /* MemoryGame.entitlements */,
				19C241042B6CA36200BB0D17 /* MemoryGameModel.swift */,
				19C241062B6CA71800BB0D17 /* EmojiViewModel.swift */,
				19C240E02B6C8FF500BB0D17 /* Preview Content */,
			);
			path = MemoryGame;
			sourceTree = "<group>";
		};
		19C240E02B6C8FF500BB0D17 /* Preview Content */ = {
			isa = PBXGroup;
			children = (
				19C240E12B6C8FF500BB0D17 /* Preview Assets.xcassets */,
			);
			path = "Preview Content";
			sourceTree = "<group>";
		};
		19C240EA2B6C8FF500BB0D17 /* MemoryGameTests */ = {
			isa = PBXGroup;
			children = (
				19C240EB2B6C8FF500BB0D17 /* MemoryGameTests.swift */,
			);
			path = MemoryGameTests;
			sourceTree = "<group>";
		};
		19C240F42B6C8FF500BB0D17 /* MemoryGameUITests */ = {
			isa = PBXGroup;
			children = (
				19C240F52B6C8FF500BB0D17 /* MemoryGameUITests.swift */,
				19C240F72B6C8FF500BB0D17 /* MemoryGameUITestsLaunchTests.swift */,
			);
			path = MemoryGameUITests;
			sourceTree = "<group>";
		};
/* End PBXGroup section */

/* Begin PBXNativeTarget section */
		19C240D52B6C8FF200BB0D17 /* MemoryGame */ = {
			isa = PBXNativeTarget;
			buildConfigurationList = 19C240FB2B6C8FF500BB0D17 /* Build configuration list for PBXNativeTarget "MemoryGame" */;
			buildPhases = (
				19C240D22B6C8FF200BB0D17 /* Sources */,
				19C240D32B6C8FF200BB0D17 /* Frameworks */,
				19C240D42B6C8FF200BB0D17 /* Resources */,
			);
			buildRules = (
			);
			dependencies = (
			);
			name = MemoryGame;
			productName = MemoryGame;
			productReference = 19C240D62B6C8FF200BB0D17 /* MemoryGame.app */;
			productType = "com.apple.product-type.application";
		};
		19C240E62B6C8FF500BB0D17 /* MemoryGameTests */ = {
			isa = PBXNativeTarget;
			buildConfigurationList = 19C240FE2B6C8FF500BB0D17 /* Build configuration list for PBXNativeTarget "MemoryGameTests" */;
			buildPhases = (
				19C240E32B6C8FF500BB0D17 /* Sources */,
				19C240E42B6C8FF500BB0D17 /* Frameworks */,
				19C240E52B6C8FF500BB0D17 /* Resources */,
			);
			buildRules = (
			);
			dependencies = (
				19C240E92B6C8FF500BB0D17 /* PBXTargetDependency */,
			);
			name = MemoryGameTests;
			productName = MemoryGameTests;
			productReference = 19C240E72B6C8FF500BB0D17 /* MemoryGameTests.xctest */;
			productType = "com.apple.product-type.bundle.unit-test";
		};
		19C240F02B6C8FF500BB0D17 /* MemoryGameUITests */ = {
			isa = PBXNativeTarget;
			buildConfigurationList = 19C241012B6C8FF500BB0D17 /* Build configuration list for PBXNativeTarget "MemoryGameUITests" */;
			buildPhases = (
				19C240ED2B6C8FF500BB0D17 /* Sources */,
				19C240EE2B6C8FF500BB0D17 /* Frameworks */,
				19C240EF2B6C8FF500BB0D17 /* Resources */,
			);
			buildRules = (
			);
			dependencies = (
				19C240F32B6C8FF500BB0D17 /* PBXTargetDependency */,
			);
			name = MemoryGameUITests;
			productName = MemoryGameUITests;
			productReference = 19C240F12B6C8FF500BB0D17 /* MemoryGameUITests.xctest */;
			productType = "com.apple.product-type.bundle.ui-testing";
		};
/* End PBXNativeTarget section */

/* Begin PBXProject section */
		19C240CE2B6C8FF200BB0D17 /* Project object */ = {
			isa = PBXProject;
			attributes = {
				BuildIndependentTargetsInParallel = 1;
				LastSwiftUpdateCheck = 1420;
				LastUpgradeCheck = 1420;
				TargetAttributes = {
					19C240D52B6C8FF200BB0D17 = {
						CreatedOnToolsVersion = 14.2;
					};
					19C240E62B6C8FF500BB0D17 = {
						CreatedOnToolsVersion = 14.2;
						TestTargetID = 19C240D52B6C8FF200BB0D17;
					};
					19C240F02B6C8FF500BB0D17 = {
						CreatedOnToolsVersion = 14.2;
						TestTargetID = 19C240D52B6C8FF200BB0D17;
					};
				};
			};
			buildConfigurationList = 19C240D12B6C8FF200BB0D17 /* Build configuration list for PBXProject "MemoryGame" */;
			compatibilityVersion = "Xcode 14.0";
			developmentRegion = en;
			hasScannedForEncodings = 0;
			knownRegions = (
				en,
				Base,
			);
			mainGroup = 19C240CD2B6C8FF200BB0D17;
			productRefGroup = 19C240D72B6C8FF200BB0D17 /* Products */;
			projectDirPath = "";
			projectRoot = "";
			targets = (
				19C240D52B6C8FF200BB0D17 /* MemoryGame */,
				19C240E62B6C8FF500BB0D17 /* MemoryGameTests */,
				19C240F02B6C8FF500BB0D17 /* MemoryGameUITests */,
			);
		};
/* End PBXProject section */

/* Begin PBXResourcesBuildPhase section */
		19C240D42B6C8FF200BB0D17 /* Resources */ = {
			isa = PBXResourcesBuildPhase;
			buildActionMask = 2147483647;
			files = (
				19C240E22B6C8FF500BB0D17 /* Preview Assets.xcassets in Resources */,
				19C240DE2B6C8FF500BB0D17 /* Assets.xcassets in Resources */,
			);
			runOnlyForDeploymentPostprocessing = 0;
		};
		19C240E52B6C8FF500BB0D17 /* Resources */ = {
			isa = PBXResourcesBuildPhase;
			buildActionMask = 2147483647;
			files = (
			);
			runOnlyForDeploymentPostprocessing = 0;
		};
		19C240EF2B6C8FF500BB0D17 /* Resources */ = {
			isa = PBXResourcesBuildPhase;
			buildActionMask = 2147483647;
			files = (
			);
			runOnlyForDeploymentPostprocessing = 0;
		};
/* End PBXResourcesBuildPhase section */

/* Begin PBXSourcesBuildPhase section */
		19C240D22B6C8FF200BB0D17 /* Sources */ = {
			isa = PBXSourcesBuildPhase;
			buildActionMask = 2147483647;
			files = (
				19C240DC2B6C8FF200BB0D17 /* ContentView.swift in Sources */,
				19C240DA2B6C8FF200BB0D17 /* MemoryGameApp.swift in Sources */,
				19C66B4E2B75D32E00C055BB /* AspectVGrid.swift in Sources */,
				19C241052B6CA36200BB0D17 /* MemoryGameModel.swift in Sources */,
				19C241072B6CA71800BB0D17 /* EmojiViewModel.swift in Sources */,
			);
			runOnlyForDeploymentPostprocessing = 0;
		};
		19C240E32B6C8FF500BB0D17 /* Sources */ = {
			isa = PBXSourcesBuildPhase;
			buildActionMask = 2147483647;
			files = (
				19C240EC2B6C8FF500BB0D17 /* MemoryGameTests.swift in Sources */,
			);
			runOnlyForDeploymentPostprocessing = 0;
		};
		19C240ED2B6C8FF500BB0D17 /* Sources */ = {
			isa = PBXSourcesBuildPhase;
			buildActionMask = 2147483647;
			files = (
				19C240F62B6C8FF500BB0D17 /* MemoryGameUITests.swift in Sources */,
				19C240F82B6C8FF500BB0D17 /* MemoryGameUITestsLaunchTests.swift in Sources */,
			);
			runOnlyForDeploymentPostprocessing = 0;
		};
/* End PBXSourcesBuildPhase section */

/* Begin PBXTargetDependency section */
		19C240E92B6C8FF500BB0D17 /* PBXTargetDependency */ = {
			isa = PBXTargetDependency;
			target = 19C240D52B6C8FF200BB0D17 /* MemoryGame */;
			targetProxy = 19C240E82B6C8FF500BB0D17 /* PBXContainerItemProxy */;
		};
		19C240F32B6C8FF500BB0D17 /* PBXTargetDependency */ = {
			isa = PBXTargetDependency;
			target = 19C240D52B6C8FF200BB0D17 /* MemoryGame */;
			targetProxy = 19C240F22B6C8FF500BB0D17 /* PBXContainerItemProxy */;
		};
/* End PBXTargetDependency section */

/* Begin XCBuildConfiguration section */
		19C240F92B6C8FF500BB0D17 /* Debug */ = {
			isa = XCBuildConfiguration;
			buildSettings = {
				ALWAYS_SEARCH_USER_PATHS = NO;
				CLANG_ANALYZER_NONNULL = YES;
				CLANG_ANALYZER_NUMBER_OBJECT_CONVERSION = YES_AGGRESSIVE;
				CLANG_CXX_LANGUAGE_STANDARD = "gnu++20";
				CLANG_ENABLE_MODULES = YES;
				CLANG_ENABLE_OBJC_ARC = YES;
				CLANG_ENABLE_OBJC_WEAK = YES;
				CLANG_WARN_BLOCK_CAPTURE_AUTORELEASING = YES;
				CLANG_WARN_BOOL_CONVERSION = YES;
				CLANG_WARN_COMMA = YES;
				CLANG_WARN_CONSTANT_CONVERSION = YES;
				CLANG_WARN_DEPRECATED_OBJC_IMPLEMENTATIONS = YES;
				CLANG_WARN_DIRECT_OBJC_ISA_USAGE = YES_ERROR;
				CLANG_WARN_DOCUMENTATION_COMMENTS = YES;
				CLANG_WARN_EMPTY_BODY = YES;
				CLANG_WARN_ENUM_CONVERSION = YES;
				CLANG_WARN_INFINITE_RECURSION = YES;
				CLANG_WARN_INT_CONVERSION = YES;
				CLANG_WARN_NON_LITERAL_NULL_CONVERSION = YES;
				CLANG_WARN_OBJC_IMPLICIT_RETAIN_SELF = YES;
				CLANG_WARN_OBJC_LITERAL_CONVERSION = YES;
				CLANG_WARN_OBJC_ROOT_CLASS = YES_ERROR;
				CLANG_WARN_QUOTED_INCLUDE_IN_FRAMEWORK_HEADER = YES;
				CLANG_WARN_RANGE_LOOP_ANALYSIS = YES;
				CLANG_WARN_STRICT_PROTOTYPES = YES;
				CLANG_WARN_SUSPICIOUS_MOVE = YES;
				CLANG_WARN_UNGUARDED_AVAILABILITY = YES_AGGRESSIVE;
				CLANG_WARN_UNREACHABLE_CODE = YES;
				CLANG_WARN__DUPLICATE_METHOD_MATCH = YES;
				COPY_PHASE_STRIP = NO;
				DEBUG_INFORMATION_FORMAT = dwarf;
				ENABLE_STRICT_OBJC_MSGSEND = YES;
				ENABLE_TESTABILITY = YES;
				GCC_C_LANGUAGE_STANDARD = gnu11;
				GCC_DYNAMIC_NO_PIC = NO;
				GCC_NO_COMMON_BLOCKS = YES;
				GCC_OPTIMIZATION_LEVEL = 0;
				GCC_PREPROCESSOR_DEFINITIONS = (
					"DEBUG=1",
					"$(inherited)",
				);
				GCC_WARN_64_TO_32_BIT_CONVERSION = YES;
				GCC_WARN_ABOUT_RETURN_TYPE = YES_ERROR;
				GCC_WARN_UNDECLARED_SELECTOR = YES;
				GCC_WARN_UNINITIALIZED_AUTOS = YES_AGGRESSIVE;
				GCC_WARN_UNUSED_FUNCTION = YES;
				GCC_WARN_UNUSED_VARIABLE = YES;
				MTL_ENABLE_DEBUG_INFO = INCLUDE_SOURCE;
				MTL_FAST_MATH = YES;
				ONLY_ACTIVE_ARCH = YES;
				SWIFT_ACTIVE_COMPILATION_CONDITIONS = DEBUG;
				SWIFT_OPTIMIZATION_LEVEL = "-Onone";
			};
			name = Debug;
		};
		19C240FA2B6C8FF500BB0D17 /* Release */ = {
			isa = XCBuildConfiguration;
			buildSettings = {
				ALWAYS_SEARCH_USER_PATHS = NO;
				CLANG_ANALYZER_NONNULL = YES;
				CLANG_ANALYZER_NUMBER_OBJECT_CONVERSION = YES_AGGRESSIVE;
				CLANG_CXX_LANGUAGE_STANDARD = "gnu++20";
				CLANG_ENABLE_MODULES = YES;
				CLANG_ENABLE_OBJC_ARC = YES;
				CLANG_ENABLE_OBJC_WEAK = YES;
				CLANG_WARN_BLOCK_CAPTURE_AUTORELEASING = YES;
				CLANG_WARN_BOOL_CONVERSION = YES;
				CLANG_WARN_COMMA = YES;
				CLANG_WARN_CONSTANT_CONVERSION = YES;
				CLANG_WARN_DEPRECATED_OBJC_IMPLEMENTATIONS = YES;
				CLANG_WARN_DIRECT_OBJC_ISA_USAGE = YES_ERROR;
				CLANG_WARN_DOCUMENTATION_COMMENTS = YES;
				CLANG_WARN_EMPTY_BODY = YES;
				CLANG_WARN_ENUM_CONVERSION = YES;
				CLANG_WARN_INFINITE_RECURSION = YES;
				CLANG_WARN_INT_CONVERSION = YES;
				CLANG_WARN_NON_LITERAL_NULL_CONVERSION = YES;
				CLANG_WARN_OBJC_IMPLICIT_RETAIN_SELF = YES;
				CLANG_WARN_OBJC_LITERAL_CONVERSION = YES;
				CLANG_WARN_OBJC_ROOT_CLASS = YES_ERROR;
				CLANG_WARN_QUOTED_INCLUDE_IN_FRAMEWORK_HEADER = YES;
				CLANG_WARN_RANGE_LOOP_ANALYSIS = YES;
				CLANG_WARN_STRICT_PROTOTYPES = YES;
				CLANG_WARN_SUSPICIOUS_MOVE = YES;
				CLANG_WARN_UNGUARDED_AVAILABILITY = YES_AGGRESSIVE;
				CLANG_WARN_UNREACHABLE_CODE = YES;
				CLANG_WARN__DUPLICATE_METHOD_MATCH = YES;
				COPY_PHASE_STRIP = NO;
				DEBUG_INFORMATION_FORMAT = "dwarf-with-dsym";
				ENABLE_NS_ASSERTIONS = NO;
				ENABLE_STRICT_OBJC_MSGSEND = YES;
				GCC_C_LANGUAGE_STANDARD = gnu11;
				GCC_NO_COMMON_BLOCKS = YES;
				GCC_WARN_64_TO_32_BIT_CONVERSION = YES;
				GCC_WARN_ABOUT_RETURN_TYPE = YES_ERROR;
				GCC_WARN_UNDECLARED_SELECTOR = YES;
				GCC_WARN_UNINITIALIZED_AUTOS = YES_AGGRESSIVE;
				GCC_WARN_UNUSED_FUNCTION = YES;
				GCC_WARN_UNUSED_VARIABLE = YES;
				MTL_ENABLE_DEBUG_INFO = NO;
				MTL_FAST_MATH = YES;
				SWIFT_COMPILATION_MODE = wholemodule;
				SWIFT_OPTIMIZATION_LEVEL = "-O";
			};
			name = Release;
		};
		19C240FC2B6C8FF500BB0D17 /* Debug */ = {
			isa = XCBuildConfiguration;
			buildSettings = {
				ASSETCATALOG_COMPILER_APPICON_NAME = AppIcon;
				ASSETCATALOG_COMPILER_GLOBAL_ACCENT_COLOR_NAME = AccentColor;
				CODE_SIGN_ENTITLEMENTS = MemoryGame/MemoryGame.entitlements;
				CODE_SIGN_STYLE = Automatic;
				CURRENT_PROJECT_VERSION = 1;
				DEVELOPMENT_ASSET_PATHS = "\"MemoryGame/Preview Content\"";
				DEVELOPMENT_TEAM = GW582Z4DA7;
				ENABLE_HARDENED_RUNTIME = YES;
				ENABLE_PREVIEWS = YES;
				GENERATE_INFOPLIST_FILE = YES;
				"INFOPLIST_KEY_UIApplicationSceneManifest_Generation[sdk=iphoneos*]" = YES;
				"INFOPLIST_KEY_UIApplicationSceneManifest_Generation[sdk=iphonesimulator*]" = YES;
				"INFOPLIST_KEY_UIApplicationSupportsIndirectInputEvents[sdk=iphoneos*]" = YES;
				"INFOPLIST_KEY_UIApplicationSupportsIndirectInputEvents[sdk=iphonesimulator*]" = YES;
				"INFOPLIST_KEY_UILaunchScreen_Generation[sdk=iphoneos*]" = YES;
				"INFOPLIST_KEY_UILaunchScreen_Generation[sdk=iphonesimulator*]" = YES;
				"INFOPLIST_KEY_UIStatusBarStyle[sdk=iphoneos*]" = UIStatusBarStyleDefault;
				"INFOPLIST_KEY_UIStatusBarStyle[sdk=iphonesimulator*]" = UIStatusBarStyleDefault;
				INFOPLIST_KEY_UISupportedInterfaceOrientations_iPad = "UIInterfaceOrientationPortrait UIInterfaceOrientationPortraitUpsideDown UIInterfaceOrientationLandscapeLeft UIInterfaceOrientationLandscapeRight";
				INFOPLIST_KEY_UISupportedInterfaceOrientations_iPhone = "UIInterfaceOrientationPortrait UIInterfaceOrientationLandscapeLeft UIInterfaceOrientationLandscapeRight";
				IPHONEOS_DEPLOYMENT_TARGET = 16.2;
				LD_RUNPATH_SEARCH_PATHS = "@executable_path/Frameworks";
				"LD_RUNPATH_SEARCH_PATHS[sdk=macosx*]" = "@executable_path/../Frameworks";
				MACOSX_DEPLOYMENT_TARGET = 12.7;
				MARKETING_VERSION = 1.0;
				PRODUCT_BUNDLE_IDENTIFIER = "chalisa-thummaraj.MemoryGame";
				PRODUCT_NAME = "$(TARGET_NAME)";
				SDKROOT = auto;
				SUPPORTED_PLATFORMS = "iphoneos iphonesimulator macosx";
				SWIFT_EMIT_LOC_STRINGS = YES;
				SWIFT_VERSION = 5.0;
				TARGETED_DEVICE_FAMILY = "1,2";
			};
			name = Debug;
		};
		19C240FD2B6C8FF500BB0D17 /* Release */ = {
			isa = XCBuildConfiguration;
			buildSettings = {
				ASSETCATALOG_COMPILER_APPICON_NAME = AppIcon;
				ASSETCATALOG_COMPILER_GLOBAL_ACCENT_COLOR_NAME = AccentColor;
				CODE_SIGN_ENTITLEMENTS = MemoryGame/MemoryGame.entitlements;
				CODE_SIGN_STYLE = Automatic;
				CURRENT_PROJECT_VERSION = 1;
				DEVELOPMENT_ASSET_PATHS = "\"MemoryGame/Preview Content\"";
				DEVELOPMENT_TEAM = GW582Z4DA7;
				ENABLE_HARDENED_RUNTIME = YES;
				ENABLE_PREVIEWS = YES;
				GENERATE_INFOPLIST_FILE = YES;
				"INFOPLIST_KEY_UIApplicationSceneManifest_Generation[sdk=iphoneos*]" = YES;
				"INFOPLIST_KEY_UIApplicationSceneManifest_Generation[sdk=iphonesimulator*]" = YES;
				"INFOPLIST_KEY_UIApplicationSupportsIndirectInputEvents[sdk=iphoneos*]" = YES;
				"INFOPLIST_KEY_UIApplicationSupportsIndirectInputEvents[sdk=iphonesimulator*]" = YES;
				"INFOPLIST_KEY_UILaunchScreen_Generation[sdk=iphoneos*]" = YES;
				"INFOPLIST_KEY_UILaunchScreen_Generation[sdk=iphonesimulator*]" = YES;
				"INFOPLIST_KEY_UIStatusBarStyle[sdk=iphoneos*]" = UIStatusBarStyleDefault;
				"INFOPLIST_KEY_UIStatusBarStyle[sdk=iphonesimulator*]" = UIStatusBarStyleDefault;
				INFOPLIST_KEY_UISupportedInterfaceOrientations_iPad = "UIInterfaceOrientationPortrait UIInterfaceOrientationPortraitUpsideDown UIInterfaceOrientationLandscapeLeft UIInterfaceOrientationLandscapeRight";
				INFOPLIST_KEY_UISupportedInterfaceOrientations_iPhone = "UIInterfaceOrientationPortrait UIInterfaceOrientationLandscapeLeft UIInterfaceOrientationLandscapeRight";
				IPHONEOS_DEPLOYMENT_TARGET = 16.2;
				LD_RUNPATH_SEARCH_PATHS = "@executable_path/Frameworks";
				"LD_RUNPATH_SEARCH_PATHS[sdk=macosx*]" = "@executable_path/../Frameworks";
				MACOSX_DEPLOYMENT_TARGET = 12.7;
				MARKETING_VERSION = 1.0;
				PRODUCT_BUNDLE_IDENTIFIER = "chalisa-thummaraj.MemoryGame";
				PRODUCT_NAME = "$(TARGET_NAME)";
				SDKROOT = auto;
				SUPPORTED_PLATFORMS = "iphoneos iphonesimulator macosx";
				SWIFT_EMIT_LOC_STRINGS = YES;
				SWIFT_VERSION = 5.0;
				TARGETED_DEVICE_FAMILY = "1,2";
			};
			name = Release;
		};
		19C240FF2B6C8FF500BB0D17 /* Debug */ = {
			isa = XCBuildConfiguration;
			buildSettings = {
				ALWAYS_EMBED_SWIFT_STANDARD_LIBRARIES = YES;
				BUNDLE_LOADER = "$(TEST_HOST)";
				CODE_SIGN_STYLE = Automatic;
				CURRENT_PROJECT_VERSION = 1;
				DEVELOPMENT_TEAM = GW582Z4DA7;
				GENERATE_INFOPLIST_FILE = YES;
				IPHONEOS_DEPLOYMENT_TARGET = 16.2;
				MACOSX_DEPLOYMENT_TARGET = 12.7;
				MARKETING_VERSION = 1.0;
				PRODUCT_BUNDLE_IDENTIFIER = "chalisa-thummaraj.MemoryGameTests";
				PRODUCT_NAME = "$(TARGET_NAME)";
				SDKROOT = auto;
				SUPPORTED_PLATFORMS = "iphoneos iphonesimulator macosx";
				SWIFT_EMIT_LOC_STRINGS = NO;
				SWIFT_VERSION = 5.0;
				TARGETED_DEVICE_FAMILY = "1,2";
				TEST_HOST = "$(BUILT_PRODUCTS_DIR)/MemoryGame.app/$(BUNDLE_EXECUTABLE_FOLDER_PATH)/MemoryGame";
			};
			name = Debug;
		};
		19C241002B6C8FF500BB0D17 /* Release */ = {
			isa = XCBuildConfiguration;
			buildSettings = {
				ALWAYS_EMBED_SWIFT_STANDARD_LIBRARIES = YES;
				BUNDLE_LOADER = "$(TEST_HOST)";
				CODE_SIGN_STYLE = Automatic;
				CURRENT_PROJECT_VERSION = 1;
				DEVELOPMENT_TEAM = GW582Z4DA7;
				GENERATE_INFOPLIST_FILE = YES;
				IPHONEOS_DEPLOYMENT_TARGET = 16.2;
				MACOSX_DEPLOYMENT_TARGET = 12.7;
				MARKETING_VERSION = 1.0;
				PRODUCT_BUNDLE_IDENTIFIER = "chalisa-thummaraj.MemoryGameTests";
				PRODUCT_NAME = "$(TARGET_NAME)";
				SDKROOT = auto;
				SUPPORTED_PLATFORMS = "iphoneos iphonesimulator macosx";
				SWIFT_EMIT_LOC_STRINGS = NO;
				SWIFT_VERSION = 5.0;
				TARGETED_DEVICE_FAMILY = "1,2";
				TEST_HOST = "$(BUILT_PRODUCTS_DIR)/MemoryGame.app/$(BUNDLE_EXECUTABLE_FOLDER_PATH)/MemoryGame";
			};
			name = Release;
		};
		19C241022B6C8FF500BB0D17 /* Debug */ = {
			isa = XCBuildConfiguration;
			buildSettings = {
				ALWAYS_EMBED_SWIFT_STANDARD_LIBRARIES = YES;
				CODE_SIGN_STYLE = Automatic;
				CURRENT_PROJECT_VERSION = 1;
				DEVELOPMENT_TEAM = GW582Z4DA7;
				GENERATE_INFOPLIST_FILE = YES;
				IPHONEOS_DEPLOYMENT_TARGET = 16.2;
				MACOSX_DEPLOYMENT_TARGET = 12.7;
				MARKETING_VERSION = 1.0;
				PRODUCT_BUNDLE_IDENTIFIER = "chalisa-thummaraj.MemoryGameUITests";
				PRODUCT_NAME = "$(TARGET_NAME)";
				SDKROOT = auto;
				SUPPORTED_PLATFORMS = "iphoneos iphonesimulator macosx";
				SWIFT_EMIT_LOC_STRINGS = NO;
				SWIFT_VERSION = 5.0;
				TARGETED_DEVICE_FAMILY = "1,2";
				TEST_TARGET_NAME = MemoryGame;
			};
			name = Debug;
		};
		19C241032B6C8FF500BB0D17 /* Release */ = {
			isa = XCBuildConfiguration;
			buildSettings = {
				ALWAYS_EMBED_SWIFT_STANDARD_LIBRARIES = YES;
				CODE_SIGN_STYLE = Automatic;
				CURRENT_PROJECT_VERSION = 1;
				DEVELOPMENT_TEAM = GW582Z4DA7;
				GENERATE_INFOPLIST_FILE = YES;
				IPHONEOS_DEPLOYMENT_TARGET = 16.2;
				MACOSX_DEPLOYMENT_TARGET = 12.7;
				MARKETING_VERSION = 1.0;
				PRODUCT_BUNDLE_IDENTIFIER = "chalisa-thummaraj.MemoryGameUITests";
				PRODUCT_NAME = "$(TARGET_NAME)";
				SDKROOT = auto;
				SUPPORTED_PLATFORMS = "iphoneos iphonesimulator macosx";
				SWIFT_EMIT_LOC_STRINGS = NO;
				SWIFT_VERSION = 5.0;
				TARGETED_DEVICE_FAMILY = "1,2";
				TEST_TARGET_NAME = MemoryGame;
			};
			name = Release;
		};
/* End XCBuildConfiguration section */

/* Begin XCConfigurationList section */
		19C240D12B6C8FF200BB0D17 /* Build configuration list for PBXProject "MemoryGame" */ = {
			isa = XCConfigurationList;
			buildConfigurations = (
				19C240F92B6C8FF500BB0D17 /* Debug */,
				19C240FA2B6C8FF500BB0D17 /* Release */,
			);
			defaultConfigurationIsVisible = 0;
			defaultConfigurationName = Release;
		};
		19C240FB2B6C8FF500BB0D17 /* Build configuration list for PBXNativeTarget "MemoryGame" */ = {
			isa = XCConfigurationList;
			buildConfigurations = (
				19C240FC2B6C8FF500BB0D17 /* Debug */,
				19C240FD2B6C8FF500BB0D17 /* Release */,
			);
			defaultConfigurationIsVisible = 0;
			defaultConfigurationName = Release;
		};
		19C240FE2B6C8FF500BB0D17 /* Build configuration list for PBXNativeTarget "MemoryGameTests" */ = {
			isa = XCConfigurationList;
			buildConfigurations = (
				19C240FF2B6C8FF500BB0D17 /* Debug */,
				19C241002B6C8FF500BB0D17 /* Release */,
			);
			defaultConfigurationIsVisible = 0;
			defaultConfigurationName = Release;
		};
		19C241012B6C8FF500BB0D17 /* Build configuration list for PBXNativeTarget "MemoryGameUITests" */ = {
			isa = XCConfigurationList;
			buildConfigurations = (
				19C241022B6C8FF500BB0D17 /* Debug */,
				19C241032B6C8FF500BB0D17 /* Release */,
			);
			defaultConfigurationIsVisible = 0;
			defaultConfigurationName = Release;
		};
/* End XCConfigurationList section */
	};
	rootObject = 19C240CE2B6C8FF200BB0D17 /* Project object */;
}
